
Microsoft Visual Studio Solution File, Format Version 12.00
# Visual Studio Version 17
VisualStudioVersion = 17.2.32526.322
MinimumVisualStudioVersion = 10.0.40219.1
Project("{FAE04EC0-301F-11D3-BF4B-00C04F79EFBC}") = "Discord.Bot.Boilerplate.Application", "Discord.Bot.Boilerplate.Application\Discord.Bot.Boilerplate.Application.csproj", "{4D270347-0641-4396-BCB9-32939D8B8555}"
EndProject
Project("{FAE04EC0-301F-11D3-BF4B-00C04F79EFBC}") = "Discord.Bot.Boilerplate.Services", "Discord.Bot.Boilerplate.Services\Discord.Bot.Boilerplate.Services.csproj", "{5D1DC8F2-A8FB-43FE-8D01-FD1B89F54314}"
EndProject
Project("{FAE04EC0-301F-11D3-BF4B-00C04F79EFBC}") = "Discord.Bot.Boilerplate.Models", "Discord.Bot.Boilerplate.Models\Discord.Bot.Boilerplate.Models.csproj", "{FD7FCB81-7CAB-4D1C-940D-9316D894AF13}"
EndProject
Global
	GlobalSection(SolutionConfigurationPlatforms) = preSolution
		Debug|Any CPU = Debug|Any CPU
		Release|Any CPU = Release|Any CPU
	EndGlobalSection
	GlobalSection(ProjectConfigurationPlatforms) = postSolution
		{4D270347-0641-4396-BCB9-32939D8B8555}.Debug|Any CPU.ActiveCfg = Debug|Any CPU
		{4D270347-0641-4396-BCB9-32939D8B8555}.Debug|Any CPU.Build.0 = Debug|Any CPU
		{4D270347-0641-4396-BCB9-32939D8B8555}.Release|Any CPU.ActiveCfg = Release|Any CPU
		{4D270347-0641-4396-BCB9-32939D8B8555}.Release|Any CPU.Build.0 = Release|Any CPU
		{5D1DC8F2-A8FB-43FE-8D01-FD1B89F54314}.Debug|Any CPU.ActiveCfg = Debug|Any CPU
		{5D1DC8F2-A8FB-43FE-8D01-FD1B89F54314}.Debug|Any CPU.Build.0 = Debug|Any CPU
		{5D1DC8F2-A8FB-43FE-8D01-FD1B89F54314}.Release|Any CPU.ActiveCfg = Release|Any CPU
		{5D1DC8F2-A8FB-43FE-8D01-FD1B89F54314}.Release|Any CPU.Build.0 = Release|Any CPU
		{FD7FCB81-7CAB-4D1C-940D-9316D894AF13}.Debug|Any CPU.ActiveCfg = Debug|Any CPU
		{FD7FCB81-7CAB-4D1C-940D-9316D894AF13}.Debug|Any CPU.Build.0 = Debug|Any CPU
		{FD7FCB81-7CAB-4D1C-940D-9316D894AF13}.Release|Any CPU.ActiveCfg = Release|Any CPU
		{FD7FCB81-7CAB-4D1C-940D-9316D894AF13}.Release|Any CPU.Build.0 = Release|Any CPU
	EndGlobalSection
	GlobalSection(SolutionProperties) = preSolution
		HideSolutionNode = FALSE
	EndGlobalSection
	GlobalSection(ExtensibilityGlobals) = postSolution
		SolutionGuid = {49329A17-696D-42D1-8B38-25CBC499FA28}
	EndGlobalSection
EndGlobal
